
Microsoft Visual Studio Solution File, Format Version 12.00
# Visual Studio Version 16
VisualStudioVersion = 16.0.30711.63
MinimumVisualStudioVersion = 10.0.40219.1
Project("{9A19103F-16F7-4668-BE54-9A1E7A4F7556}") = "Wevo.API", "Wevo.API\Wevo.API.csproj", "{B25AA08B-6147-4721-8C32-B1EE68A6E890}"
EndProject
Project("{FAE04EC0-301F-11D3-BF4B-00C04F79EFBC}") = "Wevo.API.Tests", "Wevo.API.Tests\Wevo.API.Tests.csproj", "{9FE25D94-6FE9-4342-AA92-A6AE53ADD522}"
EndProject
Global
	GlobalSection(SolutionConfigurationPlatforms) = preSolution
		Debug|Any CPU = Debug|Any CPU
		Release|Any CPU = Release|Any CPU
	EndGlobalSection
	GlobalSection(ProjectConfigurationPlatforms) = postSolution
		{B25AA08B-6147-4721-8C32-B1EE68A6E890}.Debug|Any CPU.ActiveCfg = Debug|Any CPU
		{B25AA08B-6147-4721-8C32-B1EE68A6E890}.Debug|Any CPU.Build.0 = Debug|Any CPU
		{B25AA08B-6147-4721-8C32-B1EE68A6E890}.Release|Any CPU.ActiveCfg = Release|Any CPU
		{B25AA08B-6147-4721-8C32-B1EE68A6E890}.Release|Any CPU.Build.0 = Release|Any CPU
		{9FE25D94-6FE9-4342-AA92-A6AE53ADD522}.Debug|Any CPU.ActiveCfg = Debug|Any CPU
		{9FE25D94-6FE9-4342-AA92-A6AE53ADD522}.Debug|Any CPU.Build.0 = Debug|Any CPU
		{9FE25D94-6FE9-4342-AA92-A6AE53ADD522}.Release|Any CPU.ActiveCfg = Release|Any CPU
		{9FE25D94-6FE9-4342-AA92-A6AE53ADD522}.Release|Any CPU.Build.0 = Release|Any CPU
	EndGlobalSection
	GlobalSection(SolutionProperties) = preSolution
		HideSolutionNode = FALSE
	EndGlobalSection
	GlobalSection(ExtensibilityGlobals) = postSolution
		SolutionGuid = {0AFAF5BD-F7B5-4D9E-9268-AC79E06E2C3B}
	EndGlobalSection
EndGlobal
